// !$*UTF8*$!
{
	archiveVersion = 1;
	classes = {
	};
	objectVersion = 52;
	objects = {

/* Begin PBXBuildFile section */
		B22E4A242669A976009CAE36 /* AppDelegate.swift in Sources */ = {isa = PBXBuildFile; fileRef = B22E4A232669A976009CAE36 /* AppDelegate.swift */; };
		B22E4A262669A976009CAE36 /* SceneDelegate.swift in Sources */ = {isa = PBXBuildFile; fileRef = B22E4A252669A976009CAE36 /* SceneDelegate.swift */; };
		B22E4A282669A976009CAE36 /* ViewController.swift in Sources */ = {isa = PBXBuildFile; fileRef = B22E4A272669A976009CAE36 /* ViewController.swift */; };
		B22E4A2B2669A976009CAE36 /* Main.storyboard in Resources */ = {isa = PBXBuildFile; fileRef = B22E4A292669A976009CAE36 /* Main.storyboard */; };
		B22E4A302669A977009CAE36 /* Assets.xcassets in Resources */ = {isa = PBXBuildFile; fileRef = B22E4A2F2669A977009CAE36 /* Assets.xcassets */; };
		B22E4A332669A977009CAE36 /* LaunchScreen.storyboard in Resources */ = {isa = PBXBuildFile; fileRef = B22E4A312669A977009CAE36 /* LaunchScreen.storyboard */; };
		B22E4A3E2669A977009CAE36 /* Bounty_iOSTests.swift in Sources */ = {isa = PBXBuildFile; fileRef = B22E4A3D2669A977009CAE36 /* Bounty_iOSTests.swift */; };
		B22E4A492669A977009CAE36 /* Bounty_iOSUITests.swift in Sources */ = {isa = PBXBuildFile; fileRef = B22E4A482669A977009CAE36 /* Bounty_iOSUITests.swift */; };
		B22E4A572669AD18009CAE36 /* GoogleService-Info.plist in Resources */ = {isa = PBXBuildFile; fileRef = B22E4A562669AD18009CAE36 /* GoogleService-Info.plist */; };
		B22E4A6D2669B712009CAE36 /* FirebaseFirestore in Frameworks */ = {isa = PBXBuildFile; productRef = B22E4A6C2669B712009CAE36 /* FirebaseFirestore */; };
		B22E4A6F2669B712009CAE36 /* FirebaseInstallations in Frameworks */ = {isa = PBXBuildFile; productRef = B22E4A6E2669B712009CAE36 /* FirebaseInstallations */; };
		B22E4A712669B712009CAE36 /* FirebaseAppCheck in Frameworks */ = {isa = PBXBuildFile; productRef = B22E4A702669B712009CAE36 /* FirebaseAppCheck */; };
		B22E4A732669B712009CAE36 /* FirebaseStorage in Frameworks */ = {isa = PBXBuildFile; productRef = B22E4A722669B712009CAE36 /* FirebaseStorage */; };
		B22E4A752669B712009CAE36 /* FirebaseMessaging in Frameworks */ = {isa = PBXBuildFile; productRef = B22E4A742669B712009CAE36 /* FirebaseMessaging */; };
		B22E4A772669B712009CAE36 /* FirebaseMLModelDownloader in Frameworks */ = {isa = PBXBuildFile; productRef = B22E4A762669B712009CAE36 /* FirebaseMLModelDownloader */; };
		B22E4A792669B712009CAE36 /* FirebaseAuth in Frameworks */ = {isa = PBXBuildFile; productRef = B22E4A782669B712009CAE36 /* FirebaseAuth */; };
		B22E4A7B2669B712009CAE36 /* FirebaseRemoteConfig in Frameworks */ = {isa = PBXBuildFile; productRef = B22E4A7A2669B712009CAE36 /* FirebaseRemoteConfig */; };
		B22E4A802669CCB7009CAE36 /* FirebaseManager.swift in Sources */ = {isa = PBXBuildFile; fileRef = B22E4A7F2669CCB7009CAE36 /* FirebaseManager.swift */; };
/* End PBXBuildFile section */

/* Begin PBXContainerItemProxy section */
		B22E4A3A2669A977009CAE36 /* PBXContainerItemProxy */ = {
			isa = PBXContainerItemProxy;
			containerPortal = B22E4A182669A976009CAE36 /* Project object */;
			proxyType = 1;
			remoteGlobalIDString = B22E4A1F2669A976009CAE36;
			remoteInfo = "Bounty-iOS";
		};
		B22E4A452669A977009CAE36 /* PBXContainerItemProxy */ = {
			isa = PBXContainerItemProxy;
			containerPortal = B22E4A182669A976009CAE36 /* Project object */;
			proxyType = 1;
			remoteGlobalIDString = B22E4A1F2669A976009CAE36;
			remoteInfo = "Bounty-iOS";
		};
/* End PBXContainerItemProxy section */

/* Begin PBXFileReference section */
		B22E4A202669A976009CAE36 /* Bounty-iOS.app */ = {isa = PBXFileReference; explicitFileType = wrapper.application; includeInIndex = 0; path = "Bounty-iOS.app"; sourceTree = BUILT_PRODUCTS_DIR; };
		B22E4A232669A976009CAE36 /* AppDelegate.swift */ = {isa = PBXFileReference; lastKnownFileType = sourcecode.swift; path = AppDelegate.swift; sourceTree = "<group>"; };
		B22E4A252669A976009CAE36 /* SceneDelegate.swift */ = {isa = PBXFileReference; lastKnownFileType = sourcecode.swift; path = SceneDelegate.swift; sourceTree = "<group>"; };
		B22E4A272669A976009CAE36 /* ViewController.swift */ = {isa = PBXFileReference; lastKnownFileType = sourcecode.swift; path = ViewController.swift; sourceTree = "<group>"; };
		B22E4A2A2669A976009CAE36 /* Base */ = {isa = PBXFileReference; lastKnownFileType = file.storyboard; name = Base; path = Base.lproj/Main.storyboard; sourceTree = "<group>"; };
		B22E4A2F2669A977009CAE36 /* Assets.xcassets */ = {isa = PBXFileReference; lastKnownFileType = folder.assetcatalog; path = Assets.xcassets; sourceTree = "<group>"; };
		B22E4A322669A977009CAE36 /* Base */ = {isa = PBXFileReference; lastKnownFileType = file.storyboard; name = Base; path = Base.lproj/LaunchScreen.storyboard; sourceTree = "<group>"; };
		B22E4A342669A977009CAE36 /* Info.plist */ = {isa = PBXFileReference; lastKnownFileType = text.plist.xml; path = Info.plist; sourceTree = "<group>"; };
		B22E4A392669A977009CAE36 /* Bounty-iOSTests.xctest */ = {isa = PBXFileReference; explicitFileType = wrapper.cfbundle; includeInIndex = 0; path = "Bounty-iOSTests.xctest"; sourceTree = BUILT_PRODUCTS_DIR; };
		B22E4A3D2669A977009CAE36 /* Bounty_iOSTests.swift */ = {isa = PBXFileReference; lastKnownFileType = sourcecode.swift; path = Bounty_iOSTests.swift; sourceTree = "<group>"; };
		B22E4A3F2669A977009CAE36 /* Info.plist */ = {isa = PBXFileReference; lastKnownFileType = text.plist.xml; path = Info.plist; sourceTree = "<group>"; };
		B22E4A442669A977009CAE36 /* Bounty-iOSUITests.xctest */ = {isa = PBXFileReference; explicitFileType = wrapper.cfbundle; includeInIndex = 0; path = "Bounty-iOSUITests.xctest"; sourceTree = BUILT_PRODUCTS_DIR; };
		B22E4A482669A977009CAE36 /* Bounty_iOSUITests.swift */ = {isa = PBXFileReference; lastKnownFileType = sourcecode.swift; path = Bounty_iOSUITests.swift; sourceTree = "<group>"; };
		B22E4A4A2669A977009CAE36 /* Info.plist */ = {isa = PBXFileReference; lastKnownFileType = text.plist.xml; path = Info.plist; sourceTree = "<group>"; };
		B22E4A562669AD18009CAE36 /* GoogleService-Info.plist */ = {isa = PBXFileReference; fileEncoding = 4; lastKnownFileType = text.plist.xml; path = "GoogleService-Info.plist"; sourceTree = "<group>"; };
		B22E4A7E2669C669009CAE36 /* Bounty-iOS.entitlements */ = {isa = PBXFileReference; lastKnownFileType = text.plist.entitlements; path = "Bounty-iOS.entitlements"; sourceTree = "<group>"; };
		B22E4A7F2669CCB7009CAE36 /* FirebaseManager.swift */ = {isa = PBXFileReference; lastKnownFileType = sourcecode.swift; path = FirebaseManager.swift; sourceTree = "<group>"; };
/* End PBXFileReference section */

/* Begin PBXFrameworksBuildPhase section */
		B22E4A1D2669A976009CAE36 /* Frameworks */ = {
			isa = PBXFrameworksBuildPhase;
			buildActionMask = 2147483647;
			files = (
				B22E4A6D2669B712009CAE36 /* FirebaseFirestore in Frameworks */,
				B22E4A732669B712009CAE36 /* FirebaseStorage in Frameworks */,
				B22E4A752669B712009CAE36 /* FirebaseMessaging in Frameworks */,
				B22E4A772669B712009CAE36 /* FirebaseMLModelDownloader in Frameworks */,
				B22E4A712669B712009CAE36 /* FirebaseAppCheck in Frameworks */,
				B22E4A792669B712009CAE36 /* FirebaseAuth in Frameworks */,
				B22E4A6F2669B712009CAE36 /* FirebaseInstallations in Frameworks */,
				B22E4A7B2669B712009CAE36 /* FirebaseRemoteConfig in Frameworks */,
			);
			runOnlyForDeploymentPostprocessing = 0;
		};
		B22E4A362669A977009CAE36 /* Frameworks */ = {
			isa = PBXFrameworksBuildPhase;
			buildActionMask = 2147483647;
			files = (
			);
			runOnlyForDeploymentPostprocessing = 0;
		};
		B22E4A412669A977009CAE36 /* Frameworks */ = {
			isa = PBXFrameworksBuildPhase;
			buildActionMask = 2147483647;
			files = (
			);
			runOnlyForDeploymentPostprocessing = 0;
		};
/* End PBXFrameworksBuildPhase section */

/* Begin PBXGroup section */
		B22E4A172669A976009CAE36 = {
			isa = PBXGroup;
			children = (
				B22E4A222669A976009CAE36 /* Bounty-iOS */,
				B22E4A3C2669A977009CAE36 /* Bounty-iOSTests */,
				B22E4A472669A977009CAE36 /* Bounty-iOSUITests */,
				B22E4A212669A976009CAE36 /* Products */,
			);
			sourceTree = "<group>";
		};
		B22E4A212669A976009CAE36 /* Products */ = {
			isa = PBXGroup;
			children = (
				B22E4A202669A976009CAE36 /* Bounty-iOS.app */,
				B22E4A392669A977009CAE36 /* Bounty-iOSTests.xctest */,
				B22E4A442669A977009CAE36 /* Bounty-iOSUITests.xctest */,
			);
			name = Products;
			sourceTree = "<group>";
		};
		B22E4A222669A976009CAE36 /* Bounty-iOS */ = {
			isa = PBXGroup;
			children = (
				B22E4A7E2669C669009CAE36 /* Bounty-iOS.entitlements */,
				B22E4A232669A976009CAE36 /* AppDelegate.swift */,
				B22E4A252669A976009CAE36 /* SceneDelegate.swift */,
				B22E4A272669A976009CAE36 /* ViewController.swift */,
				B22E4A7F2669CCB7009CAE36 /* FirebaseManager.swift */,
				B22E4A292669A976009CAE36 /* Main.storyboard */,
				B22E4A2F2669A977009CAE36 /* Assets.xcassets */,
				B22E4A312669A977009CAE36 /* LaunchScreen.storyboard */,
				B22E4A342669A977009CAE36 /* Info.plist */,
				B22E4A562669AD18009CAE36 /* GoogleService-Info.plist */,
			);
			path = "Bounty-iOS";
			sourceTree = "<group>";
		};
		B22E4A3C2669A977009CAE36 /* Bounty-iOSTests */ = {
			isa = PBXGroup;
			children = (
				B22E4A3D2669A977009CAE36 /* Bounty_iOSTests.swift */,
				B22E4A3F2669A977009CAE36 /* Info.plist */,
			);
			path = "Bounty-iOSTests";
			sourceTree = "<group>";
		};
		B22E4A472669A977009CAE36 /* Bounty-iOSUITests */ = {
			isa = PBXGroup;
			children = (
				B22E4A482669A977009CAE36 /* Bounty_iOSUITests.swift */,
				B22E4A4A2669A977009CAE36 /* Info.plist */,
			);
			path = "Bounty-iOSUITests";
			sourceTree = "<group>";
		};
/* End PBXGroup section */

/* Begin PBXNativeTarget section */
		B22E4A1F2669A976009CAE36 /* Bounty-iOS */ = {
			isa = PBXNativeTarget;
			buildConfigurationList = B22E4A4D2669A977009CAE36 /* Build configuration list for PBXNativeTarget "Bounty-iOS" */;
			buildPhases = (
				B22E4A1C2669A976009CAE36 /* Sources */,
				B22E4A1D2669A976009CAE36 /* Frameworks */,
				B22E4A1E2669A976009CAE36 /* Resources */,
			);
			buildRules = (
			);
			dependencies = (
			);
			name = "Bounty-iOS";
			packageProductDependencies = (
				B22E4A6C2669B712009CAE36 /* FirebaseFirestore */,
				B22E4A6E2669B712009CAE36 /* FirebaseInstallations */,
				B22E4A702669B712009CAE36 /* FirebaseAppCheck */,
				B22E4A722669B712009CAE36 /* FirebaseStorage */,
				B22E4A742669B712009CAE36 /* FirebaseMessaging */,
				B22E4A762669B712009CAE36 /* FirebaseMLModelDownloader */,
				B22E4A782669B712009CAE36 /* FirebaseAuth */,
				B22E4A7A2669B712009CAE36 /* FirebaseRemoteConfig */,
			);
			productName = "Bounty-iOS";
			productReference = B22E4A202669A976009CAE36 /* Bounty-iOS.app */;
			productType = "com.apple.product-type.application";
		};
		B22E4A382669A977009CAE36 /* Bounty-iOSTests */ = {
			isa = PBXNativeTarget;
			buildConfigurationList = B22E4A502669A977009CAE36 /* Build configuration list for PBXNativeTarget "Bounty-iOSTests" */;
			buildPhases = (
				B22E4A352669A977009CAE36 /* Sources */,
				B22E4A362669A977009CAE36 /* Frameworks */,
				B22E4A372669A977009CAE36 /* Resources */,
			);
			buildRules = (
			);
			dependencies = (
				B22E4A3B2669A977009CAE36 /* PBXTargetDependency */,
			);
			name = "Bounty-iOSTests";
			productName = "Bounty-iOSTests";
			productReference = B22E4A392669A977009CAE36 /* Bounty-iOSTests.xctest */;
			productType = "com.apple.product-type.bundle.unit-test";
		};
		B22E4A432669A977009CAE36 /* Bounty-iOSUITests */ = {
			isa = PBXNativeTarget;
			buildConfigurationList = B22E4A532669A977009CAE36 /* Build configuration list for PBXNativeTarget "Bounty-iOSUITests" */;
			buildPhases = (
				B22E4A402669A977009CAE36 /* Sources */,
				B22E4A412669A977009CAE36 /* Frameworks */,
				B22E4A422669A977009CAE36 /* Resources */,
			);
			buildRules = (
			);
			dependencies = (
				B22E4A462669A977009CAE36 /* PBXTargetDependency */,
			);
			name = "Bounty-iOSUITests";
			productName = "Bounty-iOSUITests";
			productReference = B22E4A442669A977009CAE36 /* Bounty-iOSUITests.xctest */;
			productType = "com.apple.product-type.bundle.ui-testing";
		};
/* End PBXNativeTarget section */

/* Begin PBXProject section */
		B22E4A182669A976009CAE36 /* Project object */ = {
			isa = PBXProject;
			attributes = {
				LastSwiftUpdateCheck = 1250;
				LastUpgradeCheck = 1250;
				TargetAttributes = {
					B22E4A1F2669A976009CAE36 = {
						CreatedOnToolsVersion = 12.5;
					};
					B22E4A382669A977009CAE36 = {
						CreatedOnToolsVersion = 12.5;
						TestTargetID = B22E4A1F2669A976009CAE36;
					};
					B22E4A432669A977009CAE36 = {
						CreatedOnToolsVersion = 12.5;
						TestTargetID = B22E4A1F2669A976009CAE36;
					};
				};
			};
			buildConfigurationList = B22E4A1B2669A976009CAE36 /* Build configuration list for PBXProject "Bounty-iOS" */;
			compatibilityVersion = "Xcode 9.3";
			developmentRegion = en;
			hasScannedForEncodings = 0;
			knownRegions = (
				en,
				Base,
			);
			mainGroup = B22E4A172669A976009CAE36;
			packageReferences = (
				B22E4A6B2669B712009CAE36 /* XCRemoteSwiftPackageReference "firebase-ios-sdk" */,
			);
			productRefGroup = B22E4A212669A976009CAE36 /* Products */;
			projectDirPath = "";
			projectRoot = "";
			targets = (
				B22E4A1F2669A976009CAE36 /* Bounty-iOS */,
				B22E4A382669A977009CAE36 /* Bounty-iOSTests */,
				B22E4A432669A977009CAE36 /* Bounty-iOSUITests */,
			);
		};
/* End PBXProject section */

/* Begin PBXResourcesBuildPhase section */
		B22E4A1E2669A976009CAE36 /* Resources */ = {
			isa = PBXResourcesBuildPhase;
			buildActionMask = 2147483647;
			files = (
				B22E4A332669A977009CAE36 /* LaunchScreen.storyboard in Resources */,
				B22E4A572669AD18009CAE36 /* GoogleService-Info.plist in Resources */,
				B22E4A302669A977009CAE36 /* Assets.xcassets in Resources */,
				B22E4A2B2669A976009CAE36 /* Main.storyboard in Resources */,
			);
			runOnlyForDeploymentPostprocessing = 0;
		};
		B22E4A372669A977009CAE36 /* Resources */ = {
			isa = PBXResourcesBuildPhase;
			buildActionMask = 2147483647;
			files = (
			);
			runOnlyForDeploymentPostprocessing = 0;
		};
		B22E4A422669A977009CAE36 /* Resources */ = {
			isa = PBXResourcesBuildPhase;
			buildActionMask = 2147483647;
			files = (
			);
			runOnlyForDeploymentPostprocessing = 0;
		};
/* End PBXResourcesBuildPhase section */

/* Begin PBXSourcesBuildPhase section */
		B22E4A1C2669A976009CAE36 /* Sources */ = {
			isa = PBXSourcesBuildPhase;
			buildActionMask = 2147483647;
			files = (
				B22E4A802669CCB7009CAE36 /* FirebaseManager.swift in Sources */,
				B22E4A282669A976009CAE36 /* ViewController.swift in Sources */,
				B22E4A242669A976009CAE36 /* AppDelegate.swift in Sources */,
				B22E4A262669A976009CAE36 /* SceneDelegate.swift in Sources */,
			);
			runOnlyForDeploymentPostprocessing = 0;
		};
		B22E4A352669A977009CAE36 /* Sources */ = {
			isa = PBXSourcesBuildPhase;
			buildActionMask = 2147483647;
			files = (
				B22E4A3E2669A977009CAE36 /* Bounty_iOSTests.swift in Sources */,
			);
			runOnlyForDeploymentPostprocessing = 0;
		};
		B22E4A402669A977009CAE36 /* Sources */ = {
			isa = PBXSourcesBuildPhase;
			buildActionMask = 2147483647;
			files = (
				B22E4A492669A977009CAE36 /* Bounty_iOSUITests.swift in Sources */,
			);
			runOnlyForDeploymentPostprocessing = 0;
		};
/* End PBXSourcesBuildPhase section */

/* Begin PBXTargetDependency section */
		B22E4A3B2669A977009CAE36 /* PBXTargetDependency */ = {
			isa = PBXTargetDependency;
			target = B22E4A1F2669A976009CAE36 /* Bounty-iOS */;
			targetProxy = B22E4A3A2669A977009CAE36 /* PBXContainerItemProxy */;
		};
		B22E4A462669A977009CAE36 /* PBXTargetDependency */ = {
			isa = PBXTargetDependency;
			target = B22E4A1F2669A976009CAE36 /* Bounty-iOS */;
			targetProxy = B22E4A452669A977009CAE36 /* PBXContainerItemProxy */;
		};
/* End PBXTargetDependency section */

/* Begin PBXVariantGroup section */
		B22E4A292669A976009CAE36 /* Main.storyboard */ = {
			isa = PBXVariantGroup;
			children = (
				B22E4A2A2669A976009CAE36 /* Base */,
			);
			name = Main.storyboard;
			sourceTree = "<group>";
		};
		B22E4A312669A977009CAE36 /* LaunchScreen.storyboard */ = {
			isa = PBXVariantGroup;
			children = (
				B22E4A322669A977009CAE36 /* Base */,
			);
			name = LaunchScreen.storyboard;
			sourceTree = "<group>";
		};
/* End PBXVariantGroup section */

/* Begin XCBuildConfiguration section */
		B22E4A4B2669A977009CAE36 /* Debug */ = {
			isa = XCBuildConfiguration;
			buildSettings = {
				ALWAYS_SEARCH_USER_PATHS = NO;
				CLANG_ANALYZER_NONNULL = YES;
				CLANG_ANALYZER_NUMBER_OBJECT_CONVERSION = YES_AGGRESSIVE;
				CLANG_CXX_LANGUAGE_STANDARD = "gnu++14";
				CLANG_CXX_LIBRARY = "libc++";
				CLANG_ENABLE_MODULES = YES;
				CLANG_ENABLE_OBJC_ARC = YES;
				CLANG_ENABLE_OBJC_WEAK = YES;
				CLANG_WARN_BLOCK_CAPTURE_AUTORELEASING = YES;
				CLANG_WARN_BOOL_CONVERSION = YES;
				CLANG_WARN_COMMA = YES;
				CLANG_WARN_CONSTANT_CONVERSION = YES;
				CLANG_WARN_DEPRECATED_OBJC_IMPLEMENTATIONS = YES;
				CLANG_WARN_DIRECT_OBJC_ISA_USAGE = YES_ERROR;
				CLANG_WARN_DOCUMENTATION_COMMENTS = YES;
				CLANG_WARN_EMPTY_BODY = YES;
				CLANG_WARN_ENUM_CONVERSION = YES;
				CLANG_WARN_INFINITE_RECURSION = YES;
				CLANG_WARN_INT_CONVERSION = YES;
				CLANG_WARN_NON_LITERAL_NULL_CONVERSION = YES;
				CLANG_WARN_OBJC_IMPLICIT_RETAIN_SELF = YES;
				CLANG_WARN_OBJC_LITERAL_CONVERSION = YES;
				CLANG_WARN_OBJC_ROOT_CLASS = YES_ERROR;
				CLANG_WARN_QUOTED_INCLUDE_IN_FRAMEWORK_HEADER = YES;
				CLANG_WARN_RANGE_LOOP_ANALYSIS = YES;
				CLANG_WARN_STRICT_PROTOTYPES = YES;
				CLANG_WARN_SUSPICIOUS_MOVE = YES;
				CLANG_WARN_UNGUARDED_AVAILABILITY = YES_AGGRESSIVE;
				CLANG_WARN_UNREACHABLE_CODE = YES;
				CLANG_WARN__DUPLICATE_METHOD_MATCH = YES;
				COPY_PHASE_STRIP = NO;
				DEBUG_INFORMATION_FORMAT = dwarf;
				ENABLE_STRICT_OBJC_MSGSEND = YES;
				ENABLE_TESTABILITY = YES;
				GCC_C_LANGUAGE_STANDARD = gnu11;
				GCC_DYNAMIC_NO_PIC = NO;
				GCC_NO_COMMON_BLOCKS = YES;
				GCC_OPTIMIZATION_LEVEL = 0;
				GCC_PREPROCESSOR_DEFINITIONS = (
					"DEBUG=1",
					"$(inherited)",
				);
				GCC_WARN_64_TO_32_BIT_CONVERSION = YES;
				GCC_WARN_ABOUT_RETURN_TYPE = YES_ERROR;
				GCC_WARN_UNDECLARED_SELECTOR = YES;
				GCC_WARN_UNINITIALIZED_AUTOS = YES_AGGRESSIVE;
				GCC_WARN_UNUSED_FUNCTION = YES;
				GCC_WARN_UNUSED_VARIABLE = YES;
				IPHONEOS_DEPLOYMENT_TARGET = 14.3;
				MTL_ENABLE_DEBUG_INFO = INCLUDE_SOURCE;
				MTL_FAST_MATH = YES;
				ONLY_ACTIVE_ARCH = YES;
				SDKROOT = iphoneos;
				SWIFT_ACTIVE_COMPILATION_CONDITIONS = DEBUG;
				SWIFT_OPTIMIZATION_LEVEL = "-Onone";
			};
			name = Debug;
		};
		B22E4A4C2669A977009CAE36 /* Release */ = {
			isa = XCBuildConfiguration;
			buildSettings = {
				ALWAYS_SEARCH_USER_PATHS = NO;
				CLANG_ANALYZER_NONNULL = YES;
				CLANG_ANALYZER_NUMBER_OBJECT_CONVERSION = YES_AGGRESSIVE;
				CLANG_CXX_LANGUAGE_STANDARD = "gnu++14";
				CLANG_CXX_LIBRARY = "libc++";
				CLANG_ENABLE_MODULES = YES;
				CLANG_ENABLE_OBJC_ARC = YES;
				CLANG_ENABLE_OBJC_WEAK = YES;
				CLANG_WARN_BLOCK_CAPTURE_AUTORELEASING = YES;
				CLANG_WARN_BOOL_CONVERSION = YES;
				CLANG_WARN_COMMA = YES;
				CLANG_WARN_CONSTANT_CONVERSION = YES;
				CLANG_WARN_DEPRECATED_OBJC_IMPLEMENTATIONS = YES;
				CLANG_WARN_DIRECT_OBJC_ISA_USAGE = YES_ERROR;
				CLANG_WARN_DOCUMENTATION_COMMENTS = YES;
				CLANG_WARN_EMPTY_BODY = YES;
				CLANG_WARN_ENUM_CONVERSION = YES;
				CLANG_WARN_INFINITE_RECURSION = YES;
				CLANG_WARN_INT_CONVERSION = YES;
				CLANG_WARN_NON_LITERAL_NULL_CONVERSION = YES;
				CLANG_WARN_OBJC_IMPLICIT_RETAIN_SELF = YES;
				CLANG_WARN_OBJC_LITERAL_CONVERSION = YES;
				CLANG_WARN_OBJC_ROOT_CLASS = YES_ERROR;
				CLANG_WARN_QUOTED_INCLUDE_IN_FRAMEWORK_HEADER = YES;
				CLANG_WARN_RANGE_LOOP_ANALYSIS = YES;
				CLANG_WARN_STRICT_PROTOTYPES = YES;
				CLANG_WARN_SUSPICIOUS_MOVE = YES;
				CLANG_WARN_UNGUARDED_AVAILABILITY = YES_AGGRESSIVE;
				CLANG_WARN_UNREACHABLE_CODE = YES;
				CLANG_WARN__DUPLICATE_METHOD_MATCH = YES;
				COPY_PHASE_STRIP = NO;
				DEBUG_INFORMATION_FORMAT = "dwarf-with-dsym";
				ENABLE_NS_ASSERTIONS = NO;
				ENABLE_STRICT_OBJC_MSGSEND = YES;
				GCC_C_LANGUAGE_STANDARD = gnu11;
				GCC_NO_COMMON_BLOCKS = YES;
				GCC_WARN_64_TO_32_BIT_CONVERSION = YES;
				GCC_WARN_ABOUT_RETURN_TYPE = YES_ERROR;
				GCC_WARN_UNDECLARED_SELECTOR = YES;
				GCC_WARN_UNINITIALIZED_AUTOS = YES_AGGRESSIVE;
				GCC_WARN_UNUSED_FUNCTION = YES;
				GCC_WARN_UNUSED_VARIABLE = YES;
				IPHONEOS_DEPLOYMENT_TARGET = 14.3;
				MTL_ENABLE_DEBUG_INFO = NO;
				MTL_FAST_MATH = YES;
				SDKROOT = iphoneos;
				SWIFT_COMPILATION_MODE = wholemodule;
				SWIFT_OPTIMIZATION_LEVEL = "-O";
				VALIDATE_PRODUCT = YES;
			};
			name = Release;
		};
		B22E4A4E2669A977009CAE36 /* Debug */ = {
			isa = XCBuildConfiguration;
			buildSettings = {
				ASSETCATALOG_COMPILER_APPICON_NAME = AppIcon;
				ASSETCATALOG_COMPILER_GLOBAL_ACCENT_COLOR_NAME = AccentColor;
				CODE_SIGN_ENTITLEMENTS = "Bounty-iOS/Bounty-iOS.entitlements";
				CODE_SIGN_STYLE = Automatic;
				DEVELOPMENT_TEAM = C58CLY4K2U;
				INFOPLIST_FILE = "Bounty-iOS/Info.plist";
				LD_RUNPATH_SEARCH_PATHS = (
					"$(inherited)",
					"@executable_path/Frameworks",
				);
				PRODUCT_BUNDLE_IDENTIFIER = "com.alleywaytime.Bounty-iOS";
				PRODUCT_NAME = "$(TARGET_NAME)";
				SWIFT_VERSION = 5.0;
				TARGETED_DEVICE_FAMILY = "1,2";
			};
			name = Debug;
		};
		B22E4A4F2669A977009CAE36 /* Release */ = {
			isa = XCBuildConfiguration;
			buildSettings = {
				ASSETCATALOG_COMPILER_APPICON_NAME = AppIcon;
				ASSETCATALOG_COMPILER_GLOBAL_ACCENT_COLOR_NAME = AccentColor;
				CODE_SIGN_ENTITLEMENTS = "Bounty-iOS/Bounty-iOS.entitlements";
				CODE_SIGN_STYLE = Automatic;
				DEVELOPMENT_TEAM = C58CLY4K2U;
				INFOPLIST_FILE = "Bounty-iOS/Info.plist";
				LD_RUNPATH_SEARCH_PATHS = (
					"$(inherited)",
					"@executable_path/Frameworks",
				);
				PRODUCT_BUNDLE_IDENTIFIER = "com.alleywaytime.Bounty-iOS";
				PRODUCT_NAME = "$(TARGET_NAME)";
				SWIFT_VERSION = 5.0;
				TARGETED_DEVICE_FAMILY = "1,2";
			};
			name = Release;
		};
		B22E4A512669A977009CAE36 /* Debug */ = {
			isa = XCBuildConfiguration;
			buildSettings = {
				ALWAYS_EMBED_SWIFT_STANDARD_LIBRARIES = YES;
				BUNDLE_LOADER = "$(TEST_HOST)";
				CODE_SIGN_STYLE = Automatic;
				DEVELOPMENT_TEAM = C58CLY4K2U;
				INFOPLIST_FILE = "Bounty-iOSTests/Info.plist";
				IPHONEOS_DEPLOYMENT_TARGET = 14.5;
				LD_RUNPATH_SEARCH_PATHS = (
					"$(inherited)",
					"@executable_path/Frameworks",
					"@loader_path/Frameworks",
				);
				PRODUCT_BUNDLE_IDENTIFIER = "com.alleywaytime.Bounty-iOSTests";
				PRODUCT_NAME = "$(TARGET_NAME)";
				SWIFT_VERSION = 5.0;
				TARGETED_DEVICE_FAMILY = "1,2";
				TEST_HOST = "$(BUILT_PRODUCTS_DIR)/Bounty-iOS.app/Bounty-iOS";
			};
			name = Debug;
		};
		B22E4A522669A977009CAE36 /* Release */ = {
			isa = XCBuildConfiguration;
			buildSettings = {
				ALWAYS_EMBED_SWIFT_STANDARD_LIBRARIES = YES;
				BUNDLE_LOADER = "$(TEST_HOST)";
				CODE_SIGN_STYLE = Automatic;
				DEVELOPMENT_TEAM = C58CLY4K2U;
				INFOPLIST_FILE = "Bounty-iOSTests/Info.plist";
				IPHONEOS_DEPLOYMENT_TARGET = 14.5;
				LD_RUNPATH_SEARCH_PATHS = (
					"$(inherited)",
					"@executable_path/Frameworks",
					"@loader_path/Frameworks",
				);
				PRODUCT_BUNDLE_IDENTIFIER = "com.alleywaytime.Bounty-iOSTests";
				PRODUCT_NAME = "$(TARGET_NAME)";
				SWIFT_VERSION = 5.0;
				TARGETED_DEVICE_FAMILY = "1,2";
				TEST_HOST = "$(BUILT_PRODUCTS_DIR)/Bounty-iOS.app/Bounty-iOS";
			};
			name = Release;
		};
		B22E4A542669A977009CAE36 /* Debug */ = {
			isa = XCBuildConfiguration;
			buildSettings = {
				ALWAYS_EMBED_SWIFT_STANDARD_LIBRARIES = YES;
				CODE_SIGN_STYLE = Automatic;
				DEVELOPMENT_TEAM = C58CLY4K2U;
				INFOPLIST_FILE = "Bounty-iOSUITests/Info.plist";
				LD_RUNPATH_SEARCH_PATHS = (
					"$(inherited)",
					"@executable_path/Frameworks",
					"@loader_path/Frameworks",
				);
				PRODUCT_BUNDLE_IDENTIFIER = "com.alleywaytime.Bounty-iOSUITests";
				PRODUCT_NAME = "$(TARGET_NAME)";
				SWIFT_VERSION = 5.0;
				TARGETED_DEVICE_FAMILY = "1,2";
				TEST_TARGET_NAME = "Bounty-iOS";
			};
			name = Debug;
		};
		B22E4A552669A977009CAE36 /* Release */ = {
			isa = XCBuildConfiguration;
			buildSettings = {
				ALWAYS_EMBED_SWIFT_STANDARD_LIBRARIES = YES;
				CODE_SIGN_STYLE = Automatic;
				DEVELOPMENT_TEAM = C58CLY4K2U;
				INFOPLIST_FILE = "Bounty-iOSUITests/Info.plist";
				LD_RUNPATH_SEARCH_PATHS = (
					"$(inherited)",
					"@executable_path/Frameworks",
					"@loader_path/Frameworks",
				);
				PRODUCT_BUNDLE_IDENTIFIER = "com.alleywaytime.Bounty-iOSUITests";
				PRODUCT_NAME = "$(TARGET_NAME)";
				SWIFT_VERSION = 5.0;
				TARGETED_DEVICE_FAMILY = "1,2";
				TEST_TARGET_NAME = "Bounty-iOS";
			};
			name = Release;
		};
/* End XCBuildConfiguration section */

/* Begin XCConfigurationList section */
		B22E4A1B2669A976009CAE36 /* Build configuration list for PBXProject "Bounty-iOS" */ = {
			isa = XCConfigurationList;
			buildConfigurations = (
				B22E4A4B2669A977009CAE36 /* Debug */,
				B22E4A4C2669A977009CAE36 /* Release */,
			);
			defaultConfigurationIsVisible = 0;
			defaultConfigurationName = Release;
		};
		B22E4A4D2669A977009CAE36 /* Build configuration list for PBXNativeTarget "Bounty-iOS" */ = {
			isa = XCConfigurationList;
			buildConfigurations = (
				B22E4A4E2669A977009CAE36 /* Debug */,
				B22E4A4F2669A977009CAE36 /* Release */,
			);
			defaultConfigurationIsVisible = 0;
			defaultConfigurationName = Release;
		};
		B22E4A502669A977009CAE36 /* Build configuration list for PBXNativeTarget "Bounty-iOSTests" */ = {
			isa = XCConfigurationList;
			buildConfigurations = (
				B22E4A512669A977009CAE36 /* Debug */,
				B22E4A522669A977009CAE36 /* Release */,
			);
			defaultConfigurationIsVisible = 0;
			defaultConfigurationName = Release;
		};
		B22E4A532669A977009CAE36 /* Build configuration list for PBXNativeTarget "Bounty-iOSUITests" */ = {
			isa = XCConfigurationList;
			buildConfigurations = (
				B22E4A542669A977009CAE36 /* Debug */,
				B22E4A552669A977009CAE36 /* Release */,
			);
			defaultConfigurationIsVisible = 0;
			defaultConfigurationName = Release;
		};
/* End XCConfigurationList section */

/* Begin XCRemoteSwiftPackageReference section */
		B22E4A6B2669B712009CAE36 /* XCRemoteSwiftPackageReference "firebase-ios-sdk" */ = {
			isa = XCRemoteSwiftPackageReference;
			repositoryURL = "https://github.com/firebase/firebase-ios-sdk.git";
			requirement = {
				kind = upToNextMajorVersion;
				minimumVersion = 8.1.0;
			};
		};
/* End XCRemoteSwiftPackageReference section */

/* Begin XCSwiftPackageProductDependency section */
		B22E4A6C2669B712009CAE36 /* FirebaseFirestore */ = {
			isa = XCSwiftPackageProductDependency;
			package = B22E4A6B2669B712009CAE36 /* XCRemoteSwiftPackageReference "firebase-ios-sdk" */;
			productName = FirebaseFirestore;
		};
		B22E4A6E2669B712009CAE36 /* FirebaseInstallations */ = {
			isa = XCSwiftPackageProductDependency;
			package = B22E4A6B2669B712009CAE36 /* XCRemoteSwiftPackageReference "firebase-ios-sdk" */;
			productName = FirebaseInstallations;
		};
		B22E4A702669B712009CAE36 /* FirebaseAppCheck */ = {
			isa = XCSwiftPackageProductDependency;
			package = B22E4A6B2669B712009CAE36 /* XCRemoteSwiftPackageReference "firebase-ios-sdk" */;
			productName = FirebaseAppCheck;
		};
		B22E4A722669B712009CAE36 /* FirebaseStorage */ = {
			isa = XCSwiftPackageProductDependency;
			package = B22E4A6B2669B712009CAE36 /* XCRemoteSwiftPackageReference "firebase-ios-sdk" */;
			productName = FirebaseStorage;
		};
		B22E4A742669B712009CAE36 /* FirebaseMessaging */ = {
			isa = XCSwiftPackageProductDependency;
			package = B22E4A6B2669B712009CAE36 /* XCRemoteSwiftPackageReference "firebase-ios-sdk" */;
			productName = FirebaseMessaging;
		};
		B22E4A762669B712009CAE36 /* FirebaseMLModelDownloader */ = {
			isa = XCSwiftPackageProductDependency;
			package = B22E4A6B2669B712009CAE36 /* XCRemoteSwiftPackageReference "firebase-ios-sdk" */;
			productName = FirebaseMLModelDownloader;
		};
		B22E4A782669B712009CAE36 /* FirebaseAuth */ = {
			isa = XCSwiftPackageProductDependency;
			package = B22E4A6B2669B712009CAE36 /* XCRemoteSwiftPackageReference "firebase-ios-sdk" */;
			productName = FirebaseAuth;
		};
		B22E4A7A2669B712009CAE36 /* FirebaseRemoteConfig */ = {
			isa = XCSwiftPackageProductDependency;
			package = B22E4A6B2669B712009CAE36 /* XCRemoteSwiftPackageReference "firebase-ios-sdk" */;
			productName = FirebaseRemoteConfig;
		};
/* End XCSwiftPackageProductDependency section */
	};
	rootObject = B22E4A182669A976009CAE36 /* Project object */;
}
