// !$*UTF8*$!
{
	archiveVersion = 1;
	classes = {
	};
	objectVersion = 52;
	objects = {

/* Begin PBXBuildFile section */
		8003BD80C5DF542427ED4C48 /* Pods_Bounty_iOS.framework in Frameworks */ = {isa = PBXBuildFile; fileRef = 9C16EAC14302F9FCBC2BB31D /* Pods_Bounty_iOS.framework */; };
		B20BB99B266C0CE3006251C4 /* Profile.swift in Sources */ = {isa = PBXBuildFile; fileRef = B20BB99A266C0CE3006251C4 /* Profile.swift */; };
		B20BB99D266C0D7B006251C4 /* Project.swift in Sources */ = {isa = PBXBuildFile; fileRef = B20BB99C266C0D7B006251C4 /* Project.swift */; };
		B20BB9A4266C453C006251C4 /* SkeletonView in Frameworks */ = {isa = PBXBuildFile; productRef = B20BB9A3266C453C006251C4 /* SkeletonView */; };
		B22E4A242669A976009CAE36 /* AppDelegate.swift in Sources */ = {isa = PBXBuildFile; fileRef = B22E4A232669A976009CAE36 /* AppDelegate.swift */; };
		B22E4A262669A976009CAE36 /* SceneDelegate.swift in Sources */ = {isa = PBXBuildFile; fileRef = B22E4A252669A976009CAE36 /* SceneDelegate.swift */; };
		B22E4A282669A976009CAE36 /* ViewController.swift in Sources */ = {isa = PBXBuildFile; fileRef = B22E4A272669A976009CAE36 /* ViewController.swift */; };
		B22E4A2B2669A976009CAE36 /* Main.storyboard in Resources */ = {isa = PBXBuildFile; fileRef = B22E4A292669A976009CAE36 /* Main.storyboard */; };
		B22E4A302669A977009CAE36 /* Assets.xcassets in Resources */ = {isa = PBXBuildFile; fileRef = B22E4A2F2669A977009CAE36 /* Assets.xcassets */; };
		B22E4A332669A977009CAE36 /* LaunchScreen.storyboard in Resources */ = {isa = PBXBuildFile; fileRef = B22E4A312669A977009CAE36 /* LaunchScreen.storyboard */; };
		B22E4A572669AD18009CAE36 /* GoogleService-Info.plist in Resources */ = {isa = PBXBuildFile; fileRef = B22E4A562669AD18009CAE36 /* GoogleService-Info.plist */; };
		B22E4A802669CCB7009CAE36 /* FirebaseManager.swift in Sources */ = {isa = PBXBuildFile; fileRef = B22E4A7F2669CCB7009CAE36 /* FirebaseManager.swift */; };
		B259E6B1266D516800F112E7 /* Eureka in Frameworks */ = {isa = PBXBuildFile; productRef = B259E6B0266D516800F112E7 /* Eureka */; };
		B259E6B3266D51B300F112E7 /* ProfileFormViewController.swift in Sources */ = {isa = PBXBuildFile; fileRef = B259E6B2266D51B300F112E7 /* ProfileFormViewController.swift */; };
		B296C31F266FE874007C2CBA /* Bounty.swift in Sources */ = {isa = PBXBuildFile; fileRef = B296C31E266FE874007C2CBA /* Bounty.swift */; };
		B296C321266FEA83007C2CBA /* BountiesTableViewController.swift in Sources */ = {isa = PBXBuildFile; fileRef = B296C320266FEA83007C2CBA /* BountiesTableViewController.swift */; };
		B296C323266FEAC3007C2CBA /* BountyTableViewCell.swift in Sources */ = {isa = PBXBuildFile; fileRef = B296C322266FEAC3007C2CBA /* BountyTableViewCell.swift */; };
		B296C325266FEC1D007C2CBA /* BountyFormViewController.swift in Sources */ = {isa = PBXBuildFile; fileRef = B296C324266FEC1D007C2CBA /* BountyFormViewController.swift */; };
		B2A6501C266A7DEF007664D5 /* .swiftlint.yml in Resources */ = {isa = PBXBuildFile; fileRef = B2A6501B266A7DEF007664D5 /* .swiftlint.yml */; };
		B2B11884266A977E005D7011 /* ProfileTableViewController.swift in Sources */ = {isa = PBXBuildFile; fileRef = B2B11883266A977E005D7011 /* ProfileTableViewController.swift */; };
		B2B11887266ADBE5005D7011 /* Kingfisher in Frameworks */ = {isa = PBXBuildFile; productRef = B2B11886266ADBE5005D7011 /* Kingfisher */; };
		B2B1188A266AE2A4005D7011 /* SPPermissionsNotification in Frameworks */ = {isa = PBXBuildFile; productRef = B2B11889266AE2A4005D7011 /* SPPermissionsNotification */; };
		B2B1188C266AE2A4005D7011 /* SPPermissionsCamera in Frameworks */ = {isa = PBXBuildFile; productRef = B2B1188B266AE2A4005D7011 /* SPPermissionsCamera */; };
		B2B1188E266AE2A4005D7011 /* SPPermissionsPhotoLibrary in Frameworks */ = {isa = PBXBuildFile; productRef = B2B1188D266AE2A4005D7011 /* SPPermissionsPhotoLibrary */; };
		B2DA6522266A844B00A122C4 /* AuthenticationService.swift in Sources */ = {isa = PBXBuildFile; fileRef = B2DA6521266A844B00A122C4 /* AuthenticationService.swift */; };
/* End PBXBuildFile section */

/* Begin PBXFileReference section */
		2D51D8412D6CF5332C5E6F68 /* Pods-Bounty-iOS.release.xcconfig */ = {isa = PBXFileReference; includeInIndex = 1; lastKnownFileType = text.xcconfig; name = "Pods-Bounty-iOS.release.xcconfig"; path = "Target Support Files/Pods-Bounty-iOS/Pods-Bounty-iOS.release.xcconfig"; sourceTree = "<group>"; };
		9C16EAC14302F9FCBC2BB31D /* Pods_Bounty_iOS.framework */ = {isa = PBXFileReference; explicitFileType = wrapper.framework; includeInIndex = 0; path = Pods_Bounty_iOS.framework; sourceTree = BUILT_PRODUCTS_DIR; };
		B20BB99A266C0CE3006251C4 /* Profile.swift */ = {isa = PBXFileReference; lastKnownFileType = sourcecode.swift; path = Profile.swift; sourceTree = "<group>"; };
		B20BB99C266C0D7B006251C4 /* Project.swift */ = {isa = PBXFileReference; lastKnownFileType = sourcecode.swift; path = Project.swift; sourceTree = "<group>"; };
		B22E4A202669A976009CAE36 /* Bounty-iOS.app */ = {isa = PBXFileReference; explicitFileType = wrapper.application; includeInIndex = 0; path = "Bounty-iOS.app"; sourceTree = BUILT_PRODUCTS_DIR; };
		B22E4A232669A976009CAE36 /* AppDelegate.swift */ = {isa = PBXFileReference; lastKnownFileType = sourcecode.swift; path = AppDelegate.swift; sourceTree = "<group>"; };
		B22E4A252669A976009CAE36 /* SceneDelegate.swift */ = {isa = PBXFileReference; lastKnownFileType = sourcecode.swift; path = SceneDelegate.swift; sourceTree = "<group>"; };
		B22E4A272669A976009CAE36 /* ViewController.swift */ = {isa = PBXFileReference; lastKnownFileType = sourcecode.swift; path = ViewController.swift; sourceTree = "<group>"; };
		B22E4A2A2669A976009CAE36 /* Base */ = {isa = PBXFileReference; lastKnownFileType = file.storyboard; name = Base; path = Base.lproj/Main.storyboard; sourceTree = "<group>"; };
		B22E4A2F2669A977009CAE36 /* Assets.xcassets */ = {isa = PBXFileReference; lastKnownFileType = folder.assetcatalog; path = Assets.xcassets; sourceTree = "<group>"; };
		B22E4A322669A977009CAE36 /* Base */ = {isa = PBXFileReference; lastKnownFileType = file.storyboard; name = Base; path = Base.lproj/LaunchScreen.storyboard; sourceTree = "<group>"; };
		B22E4A342669A977009CAE36 /* Info.plist */ = {isa = PBXFileReference; lastKnownFileType = text.plist.xml; path = Info.plist; sourceTree = "<group>"; };
		B22E4A562669AD18009CAE36 /* GoogleService-Info.plist */ = {isa = PBXFileReference; fileEncoding = 4; lastKnownFileType = text.plist.xml; path = "GoogleService-Info.plist"; sourceTree = "<group>"; };
		B22E4A7E2669C669009CAE36 /* Bounty-iOS.entitlements */ = {isa = PBXFileReference; lastKnownFileType = text.plist.entitlements; path = "Bounty-iOS.entitlements"; sourceTree = "<group>"; };
		B22E4A7F2669CCB7009CAE36 /* FirebaseManager.swift */ = {isa = PBXFileReference; lastKnownFileType = sourcecode.swift; path = FirebaseManager.swift; sourceTree = "<group>"; };
		B259E6B2266D51B300F112E7 /* ProfileFormViewController.swift */ = {isa = PBXFileReference; lastKnownFileType = sourcecode.swift; path = ProfileFormViewController.swift; sourceTree = "<group>"; };
		B296C31E266FE874007C2CBA /* Bounty.swift */ = {isa = PBXFileReference; lastKnownFileType = sourcecode.swift; path = Bounty.swift; sourceTree = "<group>"; };
		B296C320266FEA83007C2CBA /* BountiesTableViewController.swift */ = {isa = PBXFileReference; lastKnownFileType = sourcecode.swift; path = BountiesTableViewController.swift; sourceTree = "<group>"; };
		B296C322266FEAC3007C2CBA /* BountyTableViewCell.swift */ = {isa = PBXFileReference; lastKnownFileType = sourcecode.swift; path = BountyTableViewCell.swift; sourceTree = "<group>"; };
		B296C324266FEC1D007C2CBA /* BountyFormViewController.swift */ = {isa = PBXFileReference; lastKnownFileType = sourcecode.swift; path = BountyFormViewController.swift; sourceTree = "<group>"; };
		B2A6501B266A7DEF007664D5 /* .swiftlint.yml */ = {isa = PBXFileReference; lastKnownFileType = text.yaml; path = .swiftlint.yml; sourceTree = "<group>"; };
		B2B11883266A977E005D7011 /* ProfileTableViewController.swift */ = {isa = PBXFileReference; lastKnownFileType = sourcecode.swift; path = ProfileTableViewController.swift; sourceTree = "<group>"; };
		B2DA6521266A844B00A122C4 /* AuthenticationService.swift */ = {isa = PBXFileReference; fileEncoding = 4; lastKnownFileType = sourcecode.swift; path = AuthenticationService.swift; sourceTree = "<group>"; };
		F442F8AC3E0344ECC1A9B571 /* Pods-Bounty-iOS.debug.xcconfig */ = {isa = PBXFileReference; includeInIndex = 1; lastKnownFileType = text.xcconfig; name = "Pods-Bounty-iOS.debug.xcconfig"; path = "Target Support Files/Pods-Bounty-iOS/Pods-Bounty-iOS.debug.xcconfig"; sourceTree = "<group>"; };
/* End PBXFileReference section */

/* Begin PBXFrameworksBuildPhase section */
		B22E4A1D2669A976009CAE36 /* Frameworks */ = {
			isa = PBXFrameworksBuildPhase;
			buildActionMask = 2147483647;
			files = (
				B2B1188E266AE2A4005D7011 /* SPPermissionsPhotoLibrary in Frameworks */,
				B2B11887266ADBE5005D7011 /* Kingfisher in Frameworks */,
				B2B1188A266AE2A4005D7011 /* SPPermissionsNotification in Frameworks */,
				8003BD80C5DF542427ED4C48 /* Pods_Bounty_iOS.framework in Frameworks */,
				B20BB9A4266C453C006251C4 /* SkeletonView in Frameworks */,
				B259E6B1266D516800F112E7 /* Eureka in Frameworks */,
				B2B1188C266AE2A4005D7011 /* SPPermissionsCamera in Frameworks */,
			);
			runOnlyForDeploymentPostprocessing = 0;
		};
/* End PBXFrameworksBuildPhase section */

/* Begin PBXGroup section */
		641BD30F37C682C21F164006 /* Pods */ = {
			isa = PBXGroup;
			children = (
				F442F8AC3E0344ECC1A9B571 /* Pods-Bounty-iOS.debug.xcconfig */,
				2D51D8412D6CF5332C5E6F68 /* Pods-Bounty-iOS.release.xcconfig */,
			);
			path = Pods;
			sourceTree = "<group>";
		};
		B20BB99F266C19E8006251C4 /* Graphics */ = {
			isa = PBXGroup;
			children = (
			);
			path = Graphics;
			sourceTree = "<group>";
		};
		B22E4A172669A976009CAE36 = {
			isa = PBXGroup;
			children = (
				B22E4A222669A976009CAE36 /* Bounty-iOS */,
				B2A65017266A7758007664D5 /* Objects */,
				B20BB99F266C19E8006251C4 /* Graphics */,
				B22E4A212669A976009CAE36 /* Products */,
				641BD30F37C682C21F164006 /* Pods */,
				C7BE431D8339DD5EF959A8DE /* Frameworks */,
			);
			sourceTree = "<group>";
		};
		B22E4A212669A976009CAE36 /* Products */ = {
			isa = PBXGroup;
			children = (
				B22E4A202669A976009CAE36 /* Bounty-iOS.app */,
			);
			name = Products;
			sourceTree = "<group>";
		};
		B22E4A222669A976009CAE36 /* Bounty-iOS */ = {
			isa = PBXGroup;
			children = (
				B22E4A7E2669C669009CAE36 /* Bounty-iOS.entitlements */,
				B22E4A232669A976009CAE36 /* AppDelegate.swift */,
				B22E4A252669A976009CAE36 /* SceneDelegate.swift */,
				B2B11882266A975F005D7011 /* ViewControllers */,
				B2DA6521266A844B00A122C4 /* AuthenticationService.swift */,
				B22E4A7F2669CCB7009CAE36 /* FirebaseManager.swift */,
				B22E4A292669A976009CAE36 /* Main.storyboard */,
				B22E4A2F2669A977009CAE36 /* Assets.xcassets */,
				B22E4A312669A977009CAE36 /* LaunchScreen.storyboard */,
				B22E4A342669A977009CAE36 /* Info.plist */,
				B22E4A562669AD18009CAE36 /* GoogleService-Info.plist */,
				B2A6501B266A7DEF007664D5 /* .swiftlint.yml */,
			);
			path = "Bounty-iOS";
			sourceTree = "<group>";
		};
		B2A65017266A7758007664D5 /* Objects */ = {
			isa = PBXGroup;
			children = (
				B20BB99A266C0CE3006251C4 /* Profile.swift */,
				B296C31E266FE874007C2CBA /* Bounty.swift */,
				B20BB99C266C0D7B006251C4 /* Project.swift */,
			);
			path = Objects;
			sourceTree = "<group>";
		};
		B2B11882266A975F005D7011 /* ViewControllers */ = {
			isa = PBXGroup;
			children = (
				B22E4A272669A976009CAE36 /* ViewController.swift */,
				B2B11883266A977E005D7011 /* ProfileTableViewController.swift */,
				B259E6B2266D51B300F112E7 /* ProfileFormViewController.swift */,
				B296C320266FEA83007C2CBA /* BountiesTableViewController.swift */,
				B296C322266FEAC3007C2CBA /* BountyTableViewCell.swift */,
				B296C324266FEC1D007C2CBA /* BountyFormViewController.swift */,
			);
			path = ViewControllers;
			sourceTree = "<group>";
		};
		C7BE431D8339DD5EF959A8DE /* Frameworks */ = {
			isa = PBXGroup;
			children = (
				9C16EAC14302F9FCBC2BB31D /* Pods_Bounty_iOS.framework */,
			);
			name = Frameworks;
			sourceTree = "<group>";
		};
/* End PBXGroup section */

/* Begin PBXNativeTarget section */
		B22E4A1F2669A976009CAE36 /* Bounty-iOS */ = {
			isa = PBXNativeTarget;
			buildConfigurationList = B22E4A4D2669A977009CAE36 /* Build configuration list for PBXNativeTarget "Bounty-iOS" */;
			buildPhases = (
				72BEEB5FBCCC1CFED97683A0 /* [CP] Check Pods Manifest.lock */,
				B22E4A1C2669A976009CAE36 /* Sources */,
				B22E4A1D2669A976009CAE36 /* Frameworks */,
				B22E4A1E2669A976009CAE36 /* Resources */,
				8990E957A4485B5602B4375A /* [CP] Embed Pods Frameworks */,
				EA66ACE0EFC8C476B35C4BBE /* [CP] Copy Pods Resources */,
			);
			buildRules = (
			);
			dependencies = (
			);
			name = "Bounty-iOS";
			packageProductDependencies = (
				B2B11886266ADBE5005D7011 /* Kingfisher */,
				B2B11889266AE2A4005D7011 /* SPPermissionsNotification */,
				B2B1188B266AE2A4005D7011 /* SPPermissionsCamera */,
				B2B1188D266AE2A4005D7011 /* SPPermissionsPhotoLibrary */,
				B20BB9A3266C453C006251C4 /* SkeletonView */,
				B259E6B0266D516800F112E7 /* Eureka */,
			);
			productName = "Bounty-iOS";
			productReference = B22E4A202669A976009CAE36 /* Bounty-iOS.app */;
			productType = "com.apple.product-type.application";
		};
/* End PBXNativeTarget section */

/* Begin PBXProject section */
		B22E4A182669A976009CAE36 /* Project object */ = {
			isa = PBXProject;
			attributes = {
				LastSwiftUpdateCheck = 1250;
				LastUpgradeCheck = 1250;
				TargetAttributes = {
					B22E4A1F2669A976009CAE36 = {
						CreatedOnToolsVersion = 12.5;
					};
				};
			};
			buildConfigurationList = B22E4A1B2669A976009CAE36 /* Build configuration list for PBXProject "Bounty-iOS" */;
			compatibilityVersion = "Xcode 9.3";
			developmentRegion = en;
			hasScannedForEncodings = 0;
			knownRegions = (
				en,
				Base,
			);
			mainGroup = B22E4A172669A976009CAE36;
			packageReferences = (
				B2B11885266ADBE5005D7011 /* XCRemoteSwiftPackageReference "Kingfisher" */,
				B2B11888266AE2A3005D7011 /* XCRemoteSwiftPackageReference "SPPermissions" */,
				B20BB9A2266C453C006251C4 /* XCRemoteSwiftPackageReference "SkeletonView" */,
				B259E6AF266D516800F112E7 /* XCRemoteSwiftPackageReference "Eureka" */,
			);
			productRefGroup = B22E4A212669A976009CAE36 /* Products */;
			projectDirPath = "";
			projectRoot = "";
			targets = (
				B22E4A1F2669A976009CAE36 /* Bounty-iOS */,
			);
		};
/* End PBXProject section */

/* Begin PBXResourcesBuildPhase section */
		B22E4A1E2669A976009CAE36 /* Resources */ = {
			isa = PBXResourcesBuildPhase;
			buildActionMask = 2147483647;
			files = (
				B2A6501C266A7DEF007664D5 /* .swiftlint.yml in Resources */,
				B22E4A332669A977009CAE36 /* LaunchScreen.storyboard in Resources */,
				B22E4A572669AD18009CAE36 /* GoogleService-Info.plist in Resources */,
				B22E4A302669A977009CAE36 /* Assets.xcassets in Resources */,
				B22E4A2B2669A976009CAE36 /* Main.storyboard in Resources */,
			);
			runOnlyForDeploymentPostprocessing = 0;
		};
/* End PBXResourcesBuildPhase section */

/* Begin PBXShellScriptBuildPhase section */
		72BEEB5FBCCC1CFED97683A0 /* [CP] Check Pods Manifest.lock */ = {
			isa = PBXShellScriptBuildPhase;
			buildActionMask = 2147483647;
			files = (
			);
			inputFileListPaths = (
			);
			inputPaths = (
				"${PODS_PODFILE_DIR_PATH}/Podfile.lock",
				"${PODS_ROOT}/Manifest.lock",
			);
			name = "[CP] Check Pods Manifest.lock";
			outputFileListPaths = (
			);
			outputPaths = (
				"$(DERIVED_FILE_DIR)/Pods-Bounty-iOS-checkManifestLockResult.txt",
			);
			runOnlyForDeploymentPostprocessing = 0;
			shellPath = /bin/sh;
			shellScript = "diff \"${PODS_PODFILE_DIR_PATH}/Podfile.lock\" \"${PODS_ROOT}/Manifest.lock\" > /dev/null\nif [ $? != 0 ] ; then\n    # print error to STDERR\n    echo \"error: The sandbox is not in sync with the Podfile.lock. Run 'pod install' or update your CocoaPods installation.\" >&2\n    exit 1\nfi\n# This output is used by Xcode 'outputs' to avoid re-running this script phase.\necho \"SUCCESS\" > \"${SCRIPT_OUTPUT_FILE_0}\"\n";
			showEnvVarsInLog = 0;
		};
		8990E957A4485B5602B4375A /* [CP] Embed Pods Frameworks */ = {
			isa = PBXShellScriptBuildPhase;
			buildActionMask = 2147483647;
			files = (
			);
			inputFileListPaths = (
				"${PODS_ROOT}/Target Support Files/Pods-Bounty-iOS/Pods-Bounty-iOS-frameworks-${CONFIGURATION}-input-files.xcfilelist",
			);
			name = "[CP] Embed Pods Frameworks";
			outputFileListPaths = (
				"${PODS_ROOT}/Target Support Files/Pods-Bounty-iOS/Pods-Bounty-iOS-frameworks-${CONFIGURATION}-output-files.xcfilelist",
			);
			runOnlyForDeploymentPostprocessing = 0;
			shellPath = /bin/sh;
			shellScript = "\"${PODS_ROOT}/Target Support Files/Pods-Bounty-iOS/Pods-Bounty-iOS-frameworks.sh\"\n";
			showEnvVarsInLog = 0;
		};
		EA66ACE0EFC8C476B35C4BBE /* [CP] Copy Pods Resources */ = {
			isa = PBXShellScriptBuildPhase;
			buildActionMask = 2147483647;
			files = (
			);
			inputFileListPaths = (
				"${PODS_ROOT}/Target Support Files/Pods-Bounty-iOS/Pods-Bounty-iOS-resources-${CONFIGURATION}-input-files.xcfilelist",
			);
			name = "[CP] Copy Pods Resources";
			outputFileListPaths = (
				"${PODS_ROOT}/Target Support Files/Pods-Bounty-iOS/Pods-Bounty-iOS-resources-${CONFIGURATION}-output-files.xcfilelist",
			);
			runOnlyForDeploymentPostprocessing = 0;
			shellPath = /bin/sh;
			shellScript = "\"${PODS_ROOT}/Target Support Files/Pods-Bounty-iOS/Pods-Bounty-iOS-resources.sh\"\n";
			showEnvVarsInLog = 0;
		};
/* End PBXShellScriptBuildPhase section */

/* Begin PBXSourcesBuildPhase section */
		B22E4A1C2669A976009CAE36 /* Sources */ = {
			isa = PBXSourcesBuildPhase;
			buildActionMask = 2147483647;
			files = (
				B296C323266FEAC3007C2CBA /* BountyTableViewCell.swift in Sources */,
				B2B11884266A977E005D7011 /* ProfileTableViewController.swift in Sources */,
				B22E4A802669CCB7009CAE36 /* FirebaseManager.swift in Sources */,
				B296C31F266FE874007C2CBA /* Bounty.swift in Sources */,
				B259E6B3266D51B300F112E7 /* ProfileFormViewController.swift in Sources */,
				B22E4A282669A976009CAE36 /* ViewController.swift in Sources */,
				B20BB99B266C0CE3006251C4 /* Profile.swift in Sources */,
				B22E4A242669A976009CAE36 /* AppDelegate.swift in Sources */,
				B296C325266FEC1D007C2CBA /* BountyFormViewController.swift in Sources */,
				B22E4A262669A976009CAE36 /* SceneDelegate.swift in Sources */,
				B296C321266FEA83007C2CBA /* BountiesTableViewController.swift in Sources */,
				B2DA6522266A844B00A122C4 /* AuthenticationService.swift in Sources */,
				B20BB99D266C0D7B006251C4 /* Project.swift in Sources */,
			);
			runOnlyForDeploymentPostprocessing = 0;
		};
/* End PBXSourcesBuildPhase section */

/* Begin PBXVariantGroup section */
		B22E4A292669A976009CAE36 /* Main.storyboard */ = {
			isa = PBXVariantGroup;
			children = (
				B22E4A2A2669A976009CAE36 /* Base */,
			);
			name = Main.storyboard;
			sourceTree = "<group>";
		};
		B22E4A312669A977009CAE36 /* LaunchScreen.storyboard */ = {
			isa = PBXVariantGroup;
			children = (
				B22E4A322669A977009CAE36 /* Base */,
			);
			name = LaunchScreen.storyboard;
			sourceTree = "<group>";
		};
/* End PBXVariantGroup section */

/* Begin XCBuildConfiguration section */
		B22E4A4B2669A977009CAE36 /* Debug */ = {
			isa = XCBuildConfiguration;
			buildSettings = {
				ALWAYS_SEARCH_USER_PATHS = NO;
				CLANG_ANALYZER_NONNULL = YES;
				CLANG_ANALYZER_NUMBER_OBJECT_CONVERSION = YES_AGGRESSIVE;
				CLANG_CXX_LANGUAGE_STANDARD = "gnu++14";
				CLANG_CXX_LIBRARY = "libc++";
				CLANG_ENABLE_MODULES = YES;
				CLANG_ENABLE_OBJC_ARC = YES;
				CLANG_ENABLE_OBJC_WEAK = YES;
				CLANG_WARN_BLOCK_CAPTURE_AUTORELEASING = YES;
				CLANG_WARN_BOOL_CONVERSION = YES;
				CLANG_WARN_COMMA = YES;
				CLANG_WARN_CONSTANT_CONVERSION = YES;
				CLANG_WARN_DEPRECATED_OBJC_IMPLEMENTATIONS = YES;
				CLANG_WARN_DIRECT_OBJC_ISA_USAGE = YES_ERROR;
				CLANG_WARN_DOCUMENTATION_COMMENTS = YES;
				CLANG_WARN_EMPTY_BODY = YES;
				CLANG_WARN_ENUM_CONVERSION = YES;
				CLANG_WARN_INFINITE_RECURSION = YES;
				CLANG_WARN_INT_CONVERSION = YES;
				CLANG_WARN_NON_LITERAL_NULL_CONVERSION = YES;
				CLANG_WARN_OBJC_IMPLICIT_RETAIN_SELF = YES;
				CLANG_WARN_OBJC_LITERAL_CONVERSION = YES;
				CLANG_WARN_OBJC_ROOT_CLASS = YES_ERROR;
				CLANG_WARN_QUOTED_INCLUDE_IN_FRAMEWORK_HEADER = YES;
				CLANG_WARN_RANGE_LOOP_ANALYSIS = YES;
				CLANG_WARN_STRICT_PROTOTYPES = YES;
				CLANG_WARN_SUSPICIOUS_MOVE = YES;
				CLANG_WARN_UNGUARDED_AVAILABILITY = YES_AGGRESSIVE;
				CLANG_WARN_UNREACHABLE_CODE = YES;
				CLANG_WARN__DUPLICATE_METHOD_MATCH = YES;
				COPY_PHASE_STRIP = NO;
				DEBUG_INFORMATION_FORMAT = dwarf;
				ENABLE_STRICT_OBJC_MSGSEND = YES;
				ENABLE_TESTABILITY = YES;
				GCC_C_LANGUAGE_STANDARD = gnu11;
				GCC_DYNAMIC_NO_PIC = NO;
				GCC_NO_COMMON_BLOCKS = YES;
				GCC_OPTIMIZATION_LEVEL = 0;
				GCC_PREPROCESSOR_DEFINITIONS = (
					"DEBUG=1",
					"$(inherited)",
				);
				GCC_WARN_64_TO_32_BIT_CONVERSION = YES;
				GCC_WARN_ABOUT_RETURN_TYPE = YES_ERROR;
				GCC_WARN_UNDECLARED_SELECTOR = YES;
				GCC_WARN_UNINITIALIZED_AUTOS = YES_AGGRESSIVE;
				GCC_WARN_UNUSED_FUNCTION = YES;
				GCC_WARN_UNUSED_VARIABLE = YES;
				IPHONEOS_DEPLOYMENT_TARGET = 14.5;
				MTL_ENABLE_DEBUG_INFO = INCLUDE_SOURCE;
				MTL_FAST_MATH = YES;
				ONLY_ACTIVE_ARCH = YES;
				SDKROOT = iphoneos;
				SWIFT_ACTIVE_COMPILATION_CONDITIONS = DEBUG;
				SWIFT_OPTIMIZATION_LEVEL = "-Onone";
			};
			name = Debug;
		};
		B22E4A4C2669A977009CAE36 /* Release */ = {
			isa = XCBuildConfiguration;
			buildSettings = {
				ALWAYS_SEARCH_USER_PATHS = NO;
				CLANG_ANALYZER_NONNULL = YES;
				CLANG_ANALYZER_NUMBER_OBJECT_CONVERSION = YES_AGGRESSIVE;
				CLANG_CXX_LANGUAGE_STANDARD = "gnu++14";
				CLANG_CXX_LIBRARY = "libc++";
				CLANG_ENABLE_MODULES = YES;
				CLANG_ENABLE_OBJC_ARC = YES;
				CLANG_ENABLE_OBJC_WEAK = YES;
				CLANG_WARN_BLOCK_CAPTURE_AUTORELEASING = YES;
				CLANG_WARN_BOOL_CONVERSION = YES;
				CLANG_WARN_COMMA = YES;
				CLANG_WARN_CONSTANT_CONVERSION = YES;
				CLANG_WARN_DEPRECATED_OBJC_IMPLEMENTATIONS = YES;
				CLANG_WARN_DIRECT_OBJC_ISA_USAGE = YES_ERROR;
				CLANG_WARN_DOCUMENTATION_COMMENTS = YES;
				CLANG_WARN_EMPTY_BODY = YES;
				CLANG_WARN_ENUM_CONVERSION = YES;
				CLANG_WARN_INFINITE_RECURSION = YES;
				CLANG_WARN_INT_CONVERSION = YES;
				CLANG_WARN_NON_LITERAL_NULL_CONVERSION = YES;
				CLANG_WARN_OBJC_IMPLICIT_RETAIN_SELF = YES;
				CLANG_WARN_OBJC_LITERAL_CONVERSION = YES;
				CLANG_WARN_OBJC_ROOT_CLASS = YES_ERROR;
				CLANG_WARN_QUOTED_INCLUDE_IN_FRAMEWORK_HEADER = YES;
				CLANG_WARN_RANGE_LOOP_ANALYSIS = YES;
				CLANG_WARN_STRICT_PROTOTYPES = YES;
				CLANG_WARN_SUSPICIOUS_MOVE = YES;
				CLANG_WARN_UNGUARDED_AVAILABILITY = YES_AGGRESSIVE;
				CLANG_WARN_UNREACHABLE_CODE = YES;
				CLANG_WARN__DUPLICATE_METHOD_MATCH = YES;
				COPY_PHASE_STRIP = NO;
				DEBUG_INFORMATION_FORMAT = "dwarf-with-dsym";
				ENABLE_NS_ASSERTIONS = NO;
				ENABLE_STRICT_OBJC_MSGSEND = YES;
				GCC_C_LANGUAGE_STANDARD = gnu11;
				GCC_NO_COMMON_BLOCKS = YES;
				GCC_WARN_64_TO_32_BIT_CONVERSION = YES;
				GCC_WARN_ABOUT_RETURN_TYPE = YES_ERROR;
				GCC_WARN_UNDECLARED_SELECTOR = YES;
				GCC_WARN_UNINITIALIZED_AUTOS = YES_AGGRESSIVE;
				GCC_WARN_UNUSED_FUNCTION = YES;
				GCC_WARN_UNUSED_VARIABLE = YES;
				IPHONEOS_DEPLOYMENT_TARGET = 14.5;
				MTL_ENABLE_DEBUG_INFO = NO;
				MTL_FAST_MATH = YES;
				SDKROOT = iphoneos;
				SWIFT_COMPILATION_MODE = wholemodule;
				SWIFT_OPTIMIZATION_LEVEL = "-O";
				VALIDATE_PRODUCT = YES;
			};
			name = Release;
		};
		B22E4A4E2669A977009CAE36 /* Debug */ = {
			isa = XCBuildConfiguration;
			baseConfigurationReference = F442F8AC3E0344ECC1A9B571 /* Pods-Bounty-iOS.debug.xcconfig */;
			buildSettings = {
				ASSETCATALOG_COMPILER_APPICON_NAME = AppIcon;
				ASSETCATALOG_COMPILER_GLOBAL_ACCENT_COLOR_NAME = AccentColor;
				CODE_SIGN_ENTITLEMENTS = "Bounty-iOS/Bounty-iOS.entitlements";
				CODE_SIGN_STYLE = Automatic;
				DEVELOPMENT_TEAM = C58CLY4K2U;
				INFOPLIST_FILE = "Bounty-iOS/Info.plist";
				LD_RUNPATH_SEARCH_PATHS = (
					"$(inherited)",
					"@executable_path/Frameworks",
				);
				PRODUCT_BUNDLE_IDENTIFIER = "com.alleywaytime.Bounty-iOS";
				PRODUCT_NAME = "$(TARGET_NAME)";
				SWIFT_VERSION = 5.0;
				TARGETED_DEVICE_FAMILY = "1,2";
			};
			name = Debug;
		};
		B22E4A4F2669A977009CAE36 /* Release */ = {
			isa = XCBuildConfiguration;
			baseConfigurationReference = 2D51D8412D6CF5332C5E6F68 /* Pods-Bounty-iOS.release.xcconfig */;
			buildSettings = {
				ASSETCATALOG_COMPILER_APPICON_NAME = AppIcon;
				ASSETCATALOG_COMPILER_GLOBAL_ACCENT_COLOR_NAME = AccentColor;
				CODE_SIGN_ENTITLEMENTS = "Bounty-iOS/Bounty-iOS.entitlements";
				CODE_SIGN_STYLE = Automatic;
				DEVELOPMENT_TEAM = C58CLY4K2U;
				INFOPLIST_FILE = "Bounty-iOS/Info.plist";
				LD_RUNPATH_SEARCH_PATHS = (
					"$(inherited)",
					"@executable_path/Frameworks",
				);
				PRODUCT_BUNDLE_IDENTIFIER = "com.alleywaytime.Bounty-iOS";
				PRODUCT_NAME = "$(TARGET_NAME)";
				SWIFT_VERSION = 5.0;
				TARGETED_DEVICE_FAMILY = "1,2";
			};
			name = Release;
		};
/* End XCBuildConfiguration section */

/* Begin XCConfigurationList section */
		B22E4A1B2669A976009CAE36 /* Build configuration list for PBXProject "Bounty-iOS" */ = {
			isa = XCConfigurationList;
			buildConfigurations = (
				B22E4A4B2669A977009CAE36 /* Debug */,
				B22E4A4C2669A977009CAE36 /* Release */,
			);
			defaultConfigurationIsVisible = 0;
			defaultConfigurationName = Release;
		};
		B22E4A4D2669A977009CAE36 /* Build configuration list for PBXNativeTarget "Bounty-iOS" */ = {
			isa = XCConfigurationList;
			buildConfigurations = (
				B22E4A4E2669A977009CAE36 /* Debug */,
				B22E4A4F2669A977009CAE36 /* Release */,
			);
			defaultConfigurationIsVisible = 0;
			defaultConfigurationName = Release;
		};
/* End XCConfigurationList section */

/* Begin XCRemoteSwiftPackageReference section */
		B20BB9A2266C453C006251C4 /* XCRemoteSwiftPackageReference "SkeletonView" */ = {
			isa = XCRemoteSwiftPackageReference;
			repositoryURL = "https://github.com/Juanpe/SkeletonView.git";
			requirement = {
				kind = upToNextMajorVersion;
				minimumVersion = 1.16.0;
			};
		};
		B259E6AF266D516800F112E7 /* XCRemoteSwiftPackageReference "Eureka" */ = {
			isa = XCRemoteSwiftPackageReference;
			repositoryURL = "https://github.com/xmartlabs/Eureka.git";
			requirement = {
				kind = upToNextMajorVersion;
				minimumVersion = 5.3.3;
			};
		};
		B2B11885266ADBE5005D7011 /* XCRemoteSwiftPackageReference "Kingfisher" */ = {
			isa = XCRemoteSwiftPackageReference;
			repositoryURL = "https://github.com/onevcat/Kingfisher.git";
			requirement = {
				kind = upToNextMajorVersion;
				minimumVersion = 6.3.0;
			};
		};
		B2B11888266AE2A3005D7011 /* XCRemoteSwiftPackageReference "SPPermissions" */ = {
			isa = XCRemoteSwiftPackageReference;
			repositoryURL = "https://github.com/ivanvorobei/SPPermissions";
			requirement = {
				kind = upToNextMajorVersion;
				minimumVersion = 6.2.1;
			};
		};
/* End XCRemoteSwiftPackageReference section */

/* Begin XCSwiftPackageProductDependency section */
		B20BB9A3266C453C006251C4 /* SkeletonView */ = {
			isa = XCSwiftPackageProductDependency;
			package = B20BB9A2266C453C006251C4 /* XCRemoteSwiftPackageReference "SkeletonView" */;
			productName = SkeletonView;
		};
		B259E6B0266D516800F112E7 /* Eureka */ = {
			isa = XCSwiftPackageProductDependency;
			package = B259E6AF266D516800F112E7 /* XCRemoteSwiftPackageReference "Eureka" */;
			productName = Eureka;
		};
		B2B11886266ADBE5005D7011 /* Kingfisher */ = {
			isa = XCSwiftPackageProductDependency;
			package = B2B11885266ADBE5005D7011 /* XCRemoteSwiftPackageReference "Kingfisher" */;
			productName = Kingfisher;
		};
		B2B11889266AE2A4005D7011 /* SPPermissionsNotification */ = {
			isa = XCSwiftPackageProductDependency;
			package = B2B11888266AE2A3005D7011 /* XCRemoteSwiftPackageReference "SPPermissions" */;
			productName = SPPermissionsNotification;
		};
		B2B1188B266AE2A4005D7011 /* SPPermissionsCamera */ = {
			isa = XCSwiftPackageProductDependency;
			package = B2B11888266AE2A3005D7011 /* XCRemoteSwiftPackageReference "SPPermissions" */;
			productName = SPPermissionsCamera;
		};
		B2B1188D266AE2A4005D7011 /* SPPermissionsPhotoLibrary */ = {
			isa = XCSwiftPackageProductDependency;
			package = B2B11888266AE2A3005D7011 /* XCRemoteSwiftPackageReference "SPPermissions" */;
			productName = SPPermissionsPhotoLibrary;
		};
/* End XCSwiftPackageProductDependency section */
	};
	rootObject = B22E4A182669A976009CAE36 /* Project object */;
}
