{
  "object": {
    "pins": [
      {
        "package": "Eureka",
        "repositoryURL": "https://github.com/xmartlabs/Eureka.git",
        "state": {
          "branch": null,
          "revision": "523af88efc83cdaf39b415446be1ca1529f5664d",
          "version": "5.3.3"
        }
      },
      {
        "package": "Kingfisher",
        "repositoryURL": "https://github.com/onevcat/Kingfisher.git",
        "state": {
          "branch": null,
          "revision": "44450a8f564d7c0165f736ba2250649ff8d3e556",
          "version": "6.3.0"
        }
      },
      {
        "package": "SkeletonView",
        "repositoryURL": "https://github.com/Juanpe/SkeletonView.git",
        "state": {
          "branch": null,
          "revision": "74b5172ea5ff0e66e4377d42d7967e1d239c4aba",
          "version": "1.16.0"
        }
      },
      {
        "package": "SPPermissions",
        "repositoryURL": "https://github.com/ivanvorobei/SPPermissions",
        "state": {
          "branch": null,
          "revision": "c59038f15474023ed16d9197534fc8f22efe841a",
          "version": "6.2.1"
        }
      }
    ]
  },
  "version": 1
}
